
Microsoft Visual Studio Solution File, Format Version 12.00
# Visual Studio Version 16
VisualStudioVersion = 16.0.31702.278
MinimumVisualStudioVersion = 10.0.40219.1
Project("{8BC9CEB8-8B4A-11D0-8D11-00A0C91BC942}") = "PR5.11", "PR5.11\PR5.11.vcxproj", "{0B59AE31-16EB-42B7-A54C-ED72FB49E6A7}"
EndProject
Project("{8BC9CEB8-8B4A-11D0-8D11-00A0C91BC942}") = "UnitTest1", "UnitTest1\UnitTest1.vcxproj", "{273E8C65-6F91-484A-A4DA-543F2463D34D}"
EndProject
Global
	GlobalSection(SolutionConfigurationPlatforms) = preSolution
		Debug|x64 = Debug|x64
		Debug|x86 = Debug|x86
		Release|x64 = Release|x64
		Release|x86 = Release|x86
	EndGlobalSection
	GlobalSection(ProjectConfigurationPlatforms) = postSolution
		{0B59AE31-16EB-42B7-A54C-ED72FB49E6A7}.Debug|x64.ActiveCfg = Debug|x64
		{0B59AE31-16EB-42B7-A54C-ED72FB49E6A7}.Debug|x64.Build.0 = Debug|x64
		{0B59AE31-16EB-42B7-A54C-ED72FB49E6A7}.Debug|x86.ActiveCfg = Debug|Win32
		{0B59AE31-16EB-42B7-A54C-ED72FB49E6A7}.Debug|x86.Build.0 = Debug|Win32
		{0B59AE31-16EB-42B7-A54C-ED72FB49E6A7}.Release|x64.ActiveCfg = Release|x64
		{0B59AE31-16EB-42B7-A54C-ED72FB49E6A7}.Release|x64.Build.0 = Release|x64
		{0B59AE31-16EB-42B7-A54C-ED72FB49E6A7}.Release|x86.ActiveCfg = Release|Win32
		{0B59AE31-16EB-42B7-A54C-ED72FB49E6A7}.Release|x86.Build.0 = Release|Win32
		{273E8C65-6F91-484A-A4DA-543F2463D34D}.Debug|x64.ActiveCfg = Debug|x64
		{273E8C65-6F91-484A-A4DA-543F2463D34D}.Debug|x64.Build.0 = Debug|x64
		{273E8C65-6F91-484A-A4DA-543F2463D34D}.Debug|x86.ActiveCfg = Debug|Win32
		{273E8C65-6F91-484A-A4DA-543F2463D34D}.Debug|x86.Build.0 = Debug|Win32
		{273E8C65-6F91-484A-A4DA-543F2463D34D}.Release|x64.ActiveCfg = Release|x64
		{273E8C65-6F91-484A-A4DA-543F2463D34D}.Release|x64.Build.0 = Release|x64
		{273E8C65-6F91-484A-A4DA-543F2463D34D}.Release|x86.ActiveCfg = Release|Win32
		{273E8C65-6F91-484A-A4DA-543F2463D34D}.Release|x86.Build.0 = Release|Win32
	EndGlobalSection
	GlobalSection(SolutionProperties) = preSolution
		HideSolutionNode = FALSE
	EndGlobalSection
	GlobalSection(ExtensibilityGlobals) = postSolution
		SolutionGuid = {8E30066B-C688-45A6-8CA1-9B9137867E5F}
	EndGlobalSection
EndGlobal
